<?xml version="1.0" encoding="utf-8"?>
<Project ToolsVersion="4.0" xmlns="http://schemas.microsoft.com/developer/msbuild/2003">
  <ItemGroup>
    <Filter Include="源文件">
      <UniqueIdentifier>{4FC737F1-C7A5-4376-A066-2A32D752A2FF}</UniqueIdentifier>
      <Extensions>cpp;c;cc;cxx;def;odl;idl;hpj;bat;asm;asmx</Extensions>
    </Filter>
    <Filter Include="头文件">
      <UniqueIdentifier>{93995380-89BD-4b04-88EB-625FBE52EBFB}</UniqueIdentifier>
      <Extensions>h;hpp;hxx;hm;inl;inc;xsd</Extensions>
    </Filter>
    <Filter Include="资源文件">
      <UniqueIdentifier>{67DA6AB6-F800-4c08-8B7A-83BB121AAD01}</UniqueIdentifier>
      <Extensions>rc;ico;cur;bmp;dlg;rc2;rct;bin;rgs;gif;jpg;jpeg;jpe;resx;tiff;tif;png;wav;mfcribbon-ms</Extensions>
    </Filter>
  </ItemGroup>
  <ItemGroup>
    <Text Include="ReadMe.txt" />
  </ItemGroup>
  <ItemGroup>
    <ClInclude Include="stdafx.h">
      <Filter>头文件</Filter>
    </ClInclude>
    <ClInclude Include="targetver.h">
      <Filter>头文件</Filter>
    </ClInclude>
    <ClInclude Include="Resource.h">
      <Filter>头文件</Filter>
    </ClInclude>
    <ClInclude Include="FileView.h">
      <Filter>头文件</Filter>
    </ClInclude>
    <ClInclude Include="CListContainerElementLicense.h">
      <Filter>头文件</Filter>
    </ClInclude>
    <ClInclude Include="CTreeDeviceNode.h">
      <Filter>头文件</Filter>
    </ClInclude>
    <ClInclude Include="CWndProgressFlash.h">
      <Filter>头文件</Filter>
    </ClInclude>
    <ClInclude Include="DataCenter.h">
      <Filter>头文件</Filter>
    </ClInclude>
    <ClInclude Include="DumpCatch.h">
      <Filter>头文件</Filter>
    </ClInclude>
    <ClInclude Include="logging.h">
      <Filter>头文件</Filter>
    </ClInclude>
    <ClInclude Include="LogicBaseImpl.h">
      <Filter>头文件</Filter>
    </ClInclude>
    <ClInclude Include="LogicImpl.h">
      <Filter>头文件</Filter>
    </ClInclude>
    <ClInclude Include="MainFrameWork.h">
      <Filter>头文件</Filter>
    </ClInclude>
    <ClInclude Include="WndMessageBox.h">
      <Filter>头文件</Filter>
    </ClInclude>
    <ClInclude Include="WndMgrTool.h">
      <Filter>头文件</Filter>
    </ClInclude>
    <ClInclude Include="WndTray.h">
      <Filter>头文件</Filter>
    </ClInclude>
  </ItemGroup>
  <ItemGroup>
    <ClCompile Include="stdafx.cpp">
      <Filter>源文件</Filter>
    </ClCompile>
    <ClCompile Include="FileView.cpp">
      <Filter>源文件</Filter>
    </ClCompile>
    <ClCompile Include="CListContainerElementLicense.cpp">
      <Filter>源文件</Filter>
    </ClCompile>
    <ClCompile Include="CTreeDeviceNode.cpp">
      <Filter>源文件</Filter>
    </ClCompile>
    <ClCompile Include="CWndProgressFlash.cpp">
      <Filter>源文件</Filter>
    </ClCompile>
    <ClCompile Include="DataCenter.cpp">
      <Filter>源文件</Filter>
    </ClCompile>
    <ClCompile Include="DumpCatch.cpp">
      <Filter>源文件</Filter>
    </ClCompile>
    <ClCompile Include="logging.cpp">
      <Filter>源文件</Filter>
    </ClCompile>
    <ClCompile Include="LogicBaseImpl.cpp">
      <Filter>源文件</Filter>
    </ClCompile>
    <ClCompile Include="LogicImpl.cpp">
      <Filter>源文件</Filter>
    </ClCompile>
    <ClCompile Include="MainFrameWork.cpp">
      <Filter>源文件</Filter>
    </ClCompile>
    <ClCompile Include="WndMessageBox.cpp">
      <Filter>源文件</Filter>
    </ClCompile>
    <ClCompile Include="WndMgrTool.cpp">
      <Filter>源文件</Filter>
    </ClCompile>
    <ClCompile Include="WndTray.cpp">
      <Filter>源文件</Filter>
    </ClCompile>
  </ItemGroup>
  <ItemGroup>
    <ResourceCompile Include="FileView.rc">
      <Filter>资源文件</Filter>
    </ResourceCompile>
  </ItemGroup>
  <ItemGroup>
    <Image Include="small.ico">
      <Filter>资源文件</Filter>
    </Image>
    <Image Include="FileView.ico">
      <Filter>资源文件</Filter>
    </Image>
  </ItemGroup>
</Project>